Microsoft Visual Studio Solution File, Format Version 12.00
# Visual Studio Version 17
VisualStudioVersion = 17.5.2.0
MinimumVisualStudioVersion = 10.0.40219.1
Project("{FAE04EC0-301F-11D3-BF4B-00C04F79EFBC}") = "travelSite", "travelSite.csproj", "{D5EBAC75-75DB-0991-FADF-290B321FCD1E}"
EndProject
Global
	GlobalSection(SolutionConfigurationPlatforms) = preSolution
		Debug|Any CPU = Debug|Any CPU
		Release|Any CPU = Release|Any CPU
	EndGlobalSection
	GlobalSection(ProjectConfigurationPlatforms) = postSolution
		{D5EBAC75-75DB-0991-FADF-290B321FCD1E}.Debug|Any CPU.ActiveCfg = Debug|Any CPU
		{D5EBAC75-75DB-0991-FADF-290B321FCD1E}.Debug|Any CPU.Build.0 = Debug|Any CPU
		{D5EBAC75-75DB-0991-FADF-290B321FCD1E}.Release|Any CPU.ActiveCfg = Release|Any CPU
		{D5EBAC75-75DB-0991-FADF-290B321FCD1E}.Release|Any CPU.Build.0 = Release|Any CPU
	EndGlobalSection
	GlobalSection(SolutionProperties) = preSolution
		HideSolutionNode = FALSE
	EndGlobalSection
	GlobalSection(ExtensibilityGlobals) = postSolution
		SolutionGuid = {DB92E4D8-6086-49C1-8CB1-2EB586850EC6}
	EndGlobalSection
EndGlobal
